
Microsoft Visual Studio Solution File, Format Version 12.00
Project("{FAE04EC0-301F-11D3-BF4B-00C04F79EFBC}") = "OOPElectronicVotingServer", "OOPElectronicVotingServer\OOPElectronicVotingServer.csproj", "{3A4C5B72-977D-455C-8307-15DB277EFB79}"
EndProject
Project("{FAE04EC0-301F-11D3-BF4B-00C04F79EFBC}") = "OOPElectronicVotingServer.ComponentTests", "OOPElectronicVotingServer.ComponentTests\OOPElectronicVotingServer.ComponentTests.csproj", "{FB7F6C65-9152-4A60-B409-F725725FA43E}"
EndProject
Global
	GlobalSection(SolutionConfigurationPlatforms) = preSolution
		Debug|Any CPU = Debug|Any CPU
		Release|Any CPU = Release|Any CPU
	EndGlobalSection
	GlobalSection(ProjectConfigurationPlatforms) = postSolution
		{3A4C5B72-977D-455C-8307-15DB277EFB79}.Debug|Any CPU.ActiveCfg = Debug|Any CPU
		{3A4C5B72-977D-455C-8307-15DB277EFB79}.Debug|Any CPU.Build.0 = Debug|Any CPU
		{3A4C5B72-977D-455C-8307-15DB277EFB79}.Release|Any CPU.ActiveCfg = Release|Any CPU
		{3A4C5B72-977D-455C-8307-15DB277EFB79}.Release|Any CPU.Build.0 = Release|Any CPU
		{FB7F6C65-9152-4A60-B409-F725725FA43E}.Debug|Any CPU.ActiveCfg = Debug|Any CPU
		{FB7F6C65-9152-4A60-B409-F725725FA43E}.Debug|Any CPU.Build.0 = Debug|Any CPU
		{FB7F6C65-9152-4A60-B409-F725725FA43E}.Release|Any CPU.ActiveCfg = Release|Any CPU
		{FB7F6C65-9152-4A60-B409-F725725FA43E}.Release|Any CPU.Build.0 = Release|Any CPU
	EndGlobalSection
EndGlobal
